
Microsoft Visual Studio Solution File, Format Version 12.00
# Visual Studio 15
VisualStudioVersion = 15.0.28010.2046
MinimumVisualStudioVersion = 10.0.40219.1
Project("{8BC9CEB8-8B4A-11D0-8D11-00A0C91BC942}") = "NECPAAStatementBuilder", "FARProblemStatement\FARProblemStatement.vcxproj", "{B7AFBF24-036F-4951-9EA5-B05BAF31F233}"
EndProject
Project("{8BC9CEB8-8B4A-11D0-8D11-00A0C91BC942}") = "NecData", "..\NecData\NecData\NecData.vcxproj", "{0561D1C7-DB13-4348-A973-BD383B323369}"
EndProject
Project("{2150E333-8FDC-42A3-9474-1A3956D46DE8}") = "SystemUtilities", "SystemUtilities", "{F42513E1-F35E-4222-B125-9180B7EF8CBE}"
EndProject
Project("{2150E333-8FDC-42A3-9474-1A3956D46DE8}") = "Math", "Math", "{8D812165-18E3-4E01-BB10-96A6D6D2634E}"
EndProject
Project("{8BC9CEB8-8B4A-11D0-8D11-00A0C91BC942}") = "NTMath", "..\NTMath\NTMath\NTMath.vcxproj", "{A24BB547-7C2D-409C-87C6-D40A5B317380}"
EndProject
Project("{8BC9CEB8-8B4A-11D0-8D11-00A0C91BC942}") = "AsyncTasks", "..\NTAsync\AsyncTasks\AsyncTasks\AsyncTasks.vcxproj", "{1E6A160E-CC79-4AB7-ACE9-9BE32B4D478B}"
EndProject
Project("{8BC9CEB8-8B4A-11D0-8D11-00A0C91BC942}") = "NTIO", "..\NTUtilities\NTIO\NTIO\NTIO.vcxproj", "{E7B66AD6-C909-46C9-B9FB-3F2BA1C65EF0}"
EndProject
Project("{8BC9CEB8-8B4A-11D0-8D11-00A0C91BC942}") = "Processes", "..\NTAsync\Processes\Processes\Processes.vcxproj", "{CB25E908-EB6E-4756-A380-826344F4DE26}"
EndProject
Project("{8BC9CEB8-8B4A-11D0-8D11-00A0C91BC942}") = "Random", "..\NTUtilities\Random\Random\Random.vcxproj", "{58003061-0489-4EDF-80FC-9E818AF7D412}"
EndProject
Project("{8BC9CEB8-8B4A-11D0-8D11-00A0C91BC942}") = "WindowsUtilities", "..\NTWindowsUtilities\WindowsUtilities\WindowsUtilities\WindowsUtilities.vcxproj", "{0F74389E-8E57-43E3-9B50-189C2D64C378}"
EndProject
Global
	GlobalSection(SolutionConfigurationPlatforms) = preSolution
		Debug|x64 = Debug|x64
		Debug|x86 = Debug|x86
		Release|x64 = Release|x64
		Release|x86 = Release|x86
	EndGlobalSection
	GlobalSection(ProjectConfigurationPlatforms) = postSolution
		{B7AFBF24-036F-4951-9EA5-B05BAF31F233}.Debug|x64.ActiveCfg = Debug|x64
		{B7AFBF24-036F-4951-9EA5-B05BAF31F233}.Debug|x64.Build.0 = Debug|x64
		{B7AFBF24-036F-4951-9EA5-B05BAF31F233}.Debug|x86.ActiveCfg = Debug|Win32
		{B7AFBF24-036F-4951-9EA5-B05BAF31F233}.Debug|x86.Build.0 = Debug|Win32
		{B7AFBF24-036F-4951-9EA5-B05BAF31F233}.Release|x64.ActiveCfg = Release|x64
		{B7AFBF24-036F-4951-9EA5-B05BAF31F233}.Release|x64.Build.0 = Release|x64
		{B7AFBF24-036F-4951-9EA5-B05BAF31F233}.Release|x86.ActiveCfg = Release|Win32
		{B7AFBF24-036F-4951-9EA5-B05BAF31F233}.Release|x86.Build.0 = Release|Win32
		{0561D1C7-DB13-4348-A973-BD383B323369}.Debug|x64.ActiveCfg = Debug|x64
		{0561D1C7-DB13-4348-A973-BD383B323369}.Debug|x64.Build.0 = Debug|x64
		{0561D1C7-DB13-4348-A973-BD383B323369}.Debug|x86.ActiveCfg = Debug|Win32
		{0561D1C7-DB13-4348-A973-BD383B323369}.Debug|x86.Build.0 = Debug|Win32
		{0561D1C7-DB13-4348-A973-BD383B323369}.Release|x64.ActiveCfg = Release|x64
		{0561D1C7-DB13-4348-A973-BD383B323369}.Release|x64.Build.0 = Release|x64
		{0561D1C7-DB13-4348-A973-BD383B323369}.Release|x86.ActiveCfg = Release|Win32
		{0561D1C7-DB13-4348-A973-BD383B323369}.Release|x86.Build.0 = Release|Win32
		{A24BB547-7C2D-409C-87C6-D40A5B317380}.Debug|x64.ActiveCfg = Debug|x64
		{A24BB547-7C2D-409C-87C6-D40A5B317380}.Debug|x64.Build.0 = Debug|x64
		{A24BB547-7C2D-409C-87C6-D40A5B317380}.Debug|x86.ActiveCfg = Debug|Win32
		{A24BB547-7C2D-409C-87C6-D40A5B317380}.Debug|x86.Build.0 = Debug|Win32
		{A24BB547-7C2D-409C-87C6-D40A5B317380}.Release|x64.ActiveCfg = Release|x64
		{A24BB547-7C2D-409C-87C6-D40A5B317380}.Release|x64.Build.0 = Release|x64
		{A24BB547-7C2D-409C-87C6-D40A5B317380}.Release|x86.ActiveCfg = Release|Win32
		{A24BB547-7C2D-409C-87C6-D40A5B317380}.Release|x86.Build.0 = Release|Win32
		{1E6A160E-CC79-4AB7-ACE9-9BE32B4D478B}.Debug|x64.ActiveCfg = Debug|x64
		{1E6A160E-CC79-4AB7-ACE9-9BE32B4D478B}.Debug|x64.Build.0 = Debug|x64
		{1E6A160E-CC79-4AB7-ACE9-9BE32B4D478B}.Debug|x86.ActiveCfg = Debug|Win32
		{1E6A160E-CC79-4AB7-ACE9-9BE32B4D478B}.Debug|x86.Build.0 = Debug|Win32
		{1E6A160E-CC79-4AB7-ACE9-9BE32B4D478B}.Release|x64.ActiveCfg = Release|x64
		{1E6A160E-CC79-4AB7-ACE9-9BE32B4D478B}.Release|x64.Build.0 = Release|x64
		{1E6A160E-CC79-4AB7-ACE9-9BE32B4D478B}.Release|x86.ActiveCfg = Release|Win32
		{1E6A160E-CC79-4AB7-ACE9-9BE32B4D478B}.Release|x86.Build.0 = Release|Win32
		{E7B66AD6-C909-46C9-B9FB-3F2BA1C65EF0}.Debug|x64.ActiveCfg = Debug|x64
		{E7B66AD6-C909-46C9-B9FB-3F2BA1C65EF0}.Debug|x64.Build.0 = Debug|x64
		{E7B66AD6-C909-46C9-B9FB-3F2BA1C65EF0}.Debug|x86.ActiveCfg = Debug|Win32
		{E7B66AD6-C909-46C9-B9FB-3F2BA1C65EF0}.Debug|x86.Build.0 = Debug|Win32
		{E7B66AD6-C909-46C9-B9FB-3F2BA1C65EF0}.Release|x64.ActiveCfg = Release|x64
		{E7B66AD6-C909-46C9-B9FB-3F2BA1C65EF0}.Release|x64.Build.0 = Release|x64
		{E7B66AD6-C909-46C9-B9FB-3F2BA1C65EF0}.Release|x86.ActiveCfg = Release|Win32
		{E7B66AD6-C909-46C9-B9FB-3F2BA1C65EF0}.Release|x86.Build.0 = Release|Win32
		{CB25E908-EB6E-4756-A380-826344F4DE26}.Debug|x64.ActiveCfg = Debug|x64
		{CB25E908-EB6E-4756-A380-826344F4DE26}.Debug|x64.Build.0 = Debug|x64
		{CB25E908-EB6E-4756-A380-826344F4DE26}.Debug|x86.ActiveCfg = Debug|Win32
		{CB25E908-EB6E-4756-A380-826344F4DE26}.Debug|x86.Build.0 = Debug|Win32
		{CB25E908-EB6E-4756-A380-826344F4DE26}.Release|x64.ActiveCfg = Release|x64
		{CB25E908-EB6E-4756-A380-826344F4DE26}.Release|x64.Build.0 = Release|x64
		{CB25E908-EB6E-4756-A380-826344F4DE26}.Release|x86.ActiveCfg = Release|Win32
		{CB25E908-EB6E-4756-A380-826344F4DE26}.Release|x86.Build.0 = Release|Win32
		{58003061-0489-4EDF-80FC-9E818AF7D412}.Debug|x64.ActiveCfg = Debug|x64
		{58003061-0489-4EDF-80FC-9E818AF7D412}.Debug|x64.Build.0 = Debug|x64
		{58003061-0489-4EDF-80FC-9E818AF7D412}.Debug|x86.ActiveCfg = Debug|Win32
		{58003061-0489-4EDF-80FC-9E818AF7D412}.Debug|x86.Build.0 = Debug|Win32
		{58003061-0489-4EDF-80FC-9E818AF7D412}.Release|x64.ActiveCfg = Release|x64
		{58003061-0489-4EDF-80FC-9E818AF7D412}.Release|x64.Build.0 = Release|x64
		{58003061-0489-4EDF-80FC-9E818AF7D412}.Release|x86.ActiveCfg = Release|Win32
		{58003061-0489-4EDF-80FC-9E818AF7D412}.Release|x86.Build.0 = Release|Win32
		{0F74389E-8E57-43E3-9B50-189C2D64C378}.Debug|x64.ActiveCfg = Debug|x64
		{0F74389E-8E57-43E3-9B50-189C2D64C378}.Debug|x64.Build.0 = Debug|x64
		{0F74389E-8E57-43E3-9B50-189C2D64C378}.Debug|x86.ActiveCfg = Debug|Win32
		{0F74389E-8E57-43E3-9B50-189C2D64C378}.Debug|x86.Build.0 = Debug|Win32
		{0F74389E-8E57-43E3-9B50-189C2D64C378}.Release|x64.ActiveCfg = Release|x64
		{0F74389E-8E57-43E3-9B50-189C2D64C378}.Release|x64.Build.0 = Release|x64
		{0F74389E-8E57-43E3-9B50-189C2D64C378}.Release|x86.ActiveCfg = Release|Win32
		{0F74389E-8E57-43E3-9B50-189C2D64C378}.Release|x86.Build.0 = Release|Win32
	EndGlobalSection
	GlobalSection(SolutionProperties) = preSolution
		HideSolutionNode = FALSE
	EndGlobalSection
	GlobalSection(NestedProjects) = preSolution
		{A24BB547-7C2D-409C-87C6-D40A5B317380} = {8D812165-18E3-4E01-BB10-96A6D6D2634E}
		{1E6A160E-CC79-4AB7-ACE9-9BE32B4D478B} = {F42513E1-F35E-4222-B125-9180B7EF8CBE}
		{E7B66AD6-C909-46C9-B9FB-3F2BA1C65EF0} = {F42513E1-F35E-4222-B125-9180B7EF8CBE}
		{CB25E908-EB6E-4756-A380-826344F4DE26} = {F42513E1-F35E-4222-B125-9180B7EF8CBE}
		{58003061-0489-4EDF-80FC-9E818AF7D412} = {F42513E1-F35E-4222-B125-9180B7EF8CBE}
		{0F74389E-8E57-43E3-9B50-189C2D64C378} = {F42513E1-F35E-4222-B125-9180B7EF8CBE}
	EndGlobalSection
	GlobalSection(ExtensibilityGlobals) = postSolution
		SolutionGuid = {B66BA95C-B7DB-4DB5-B7E4-61B2E4092DCB}
	EndGlobalSection
EndGlobal
