<?xml version="1.0" encoding="utf-8"?>
<Project ToolsVersion="4.0" xmlns="http://schemas.microsoft.com/developer/msbuild/2003">
  <ItemGroup>
    <Filter Include="Исходные файлы">
      <UniqueIdentifier>{4FC737F1-C7A5-4376-A066-2A32D752A2FF}</UniqueIdentifier>
      <Extensions>cpp;c;cc;cxx;def;odl;idl;hpj;bat;asm;asmx</Extensions>
    </Filter>
    <Filter Include="Файлы заголовков">
      <UniqueIdentifier>{93995380-89BD-4b04-88EB-625FBE52EBFB}</UniqueIdentifier>
      <Extensions>h;hh;hpp;hxx;hm;inl;inc;ipp;xsd</Extensions>
    </Filter>
    <Filter Include="Файлы ресурсов">
      <UniqueIdentifier>{67DA6AB6-F800-4c08-8B7A-83BB121AAD01}</UniqueIdentifier>
      <Extensions>rc;ico;cur;bmp;dlg;rc2;rct;bin;rgs;gif;jpg;jpeg;jpe;resx;tiff;tif;png;wav;mfcribbon-ms</Extensions>
    </Filter>
    <Filter Include="NTStandartMathProblem">
      <UniqueIdentifier>{1131a6ca-af22-4a2a-8183-33aea2bae767}</UniqueIdentifier>
    </Filter>
    <Filter Include="NTStandartMathProblem\Gradient">
      <UniqueIdentifier>{ee6986a0-e02a-4912-a7b1-2ce12e9374f5}</UniqueIdentifier>
    </Filter>
    <Filter Include="NTStandartAlgorithm">
      <UniqueIdentifier>{136c661e-5f84-46e8-8cbd-f00cd42c0230}</UniqueIdentifier>
    </Filter>
  </ItemGroup>
  <ItemGroup>
    <ClInclude Include="stdafx.h">
      <Filter>Файлы заголовков</Filter>
    </ClInclude>
    <ClInclude Include="targetver.h">
      <Filter>Файлы заголовков</Filter>
    </ClInclude>
    <ClInclude Include="..\..\NTMathProblem\NTMathProblem\NTMathProblem.h">
      <Filter>Файлы заголовков</Filter>
    </ClInclude>
    <ClInclude Include="NTStandartMathProblem.h">
      <Filter>NTStandartMathProblem</Filter>
    </ClInclude>
    <ClInclude Include="NTStandartProblems.h">
      <Filter>Файлы заголовков</Filter>
    </ClInclude>
    <ClInclude Include="NTGradientProblem.h">
      <Filter>NTStandartMathProblem\Gradient</Filter>
    </ClInclude>
    <ClInclude Include="NTGradientProblemAlgorithm.h">
      <Filter>NTStandartAlgorithm</Filter>
    </ClInclude>
    <ClInclude Include="NTStandartAlgorithm.h">
      <Filter>NTStandartAlgorithm</Filter>
    </ClInclude>
    <ClInclude Include="NTInitialVectorAlgorithm.h">
      <Filter>NTStandartAlgorithm</Filter>
    </ClInclude>
  </ItemGroup>
  <ItemGroup>
    <ClCompile Include="stdafx.cpp">
      <Filter>Исходные файлы</Filter>
    </ClCompile>
    <ClCompile Include="dllmain.cpp">
      <Filter>Исходные файлы</Filter>
    </ClCompile>
    <ClCompile Include="NTStandartProblems.cpp">
      <Filter>Исходные файлы</Filter>
    </ClCompile>
    <ClCompile Include="NTStandartMathProblem.cpp">
      <Filter>NTStandartMathProblem</Filter>
    </ClCompile>
    <ClCompile Include="NTGradientProblem.cpp">
      <Filter>NTStandartMathProblem\Gradient</Filter>
    </ClCompile>
    <ClCompile Include="NTStandartAlgorithm.cpp">
      <Filter>NTStandartAlgorithm</Filter>
    </ClCompile>
    <ClCompile Include="NTGradientProblemAlgorithm.cpp">
      <Filter>NTStandartAlgorithm</Filter>
    </ClCompile>
    <ClCompile Include="NTInitialVectorAlgorithm.cpp">
      <Filter>NTStandartAlgorithm</Filter>
    </ClCompile>
  </ItemGroup>
</Project>