
Microsoft Visual Studio Solution File, Format Version 12.00
# Visual Studio 15
VisualStudioVersion = 15.0.27428.2015
MinimumVisualStudioVersion = 10.0.40219.1
Project("{8BC9CEB8-8B4A-11D0-8D11-00A0C91BC942}") = "NecData", "NecData\NecData.vcxproj", "{0561D1C7-DB13-4348-A973-BD383B323369}"
	ProjectSection(ProjectDependencies) = postProject
		{384540AF-0479-493E-911F-BF7EB8729BE6} = {384540AF-0479-493E-911F-BF7EB8729BE6}
	EndProjectSection
EndProject
Project("{8BC9CEB8-8B4A-11D0-8D11-00A0C91BC942}") = "ComplexMath", "..\ComplexMath\ComplexMath\ComplexMath.vcxproj", "{384540AF-0479-493E-911F-BF7EB8729BE6}"
EndProject
Global
	GlobalSection(SolutionConfigurationPlatforms) = preSolution
		Debug|x64 = Debug|x64
		Debug|x86 = Debug|x86
		Release|x64 = Release|x64
		Release|x86 = Release|x86
	EndGlobalSection
	GlobalSection(ProjectConfigurationPlatforms) = postSolution
		{0561D1C7-DB13-4348-A973-BD383B323369}.Debug|x64.ActiveCfg = Debug|x64
		{0561D1C7-DB13-4348-A973-BD383B323369}.Debug|x64.Build.0 = Debug|x64
		{0561D1C7-DB13-4348-A973-BD383B323369}.Debug|x86.ActiveCfg = Debug|Win32
		{0561D1C7-DB13-4348-A973-BD383B323369}.Debug|x86.Build.0 = Debug|Win32
		{0561D1C7-DB13-4348-A973-BD383B323369}.Release|x64.ActiveCfg = Release|x64
		{0561D1C7-DB13-4348-A973-BD383B323369}.Release|x64.Build.0 = Release|x64
		{0561D1C7-DB13-4348-A973-BD383B323369}.Release|x86.ActiveCfg = Release|Win32
		{0561D1C7-DB13-4348-A973-BD383B323369}.Release|x86.Build.0 = Release|Win32
		{384540AF-0479-493E-911F-BF7EB8729BE6}.Debug|x64.ActiveCfg = Debug|x64
		{384540AF-0479-493E-911F-BF7EB8729BE6}.Debug|x64.Build.0 = Debug|x64
		{384540AF-0479-493E-911F-BF7EB8729BE6}.Debug|x86.ActiveCfg = Debug|Win32
		{384540AF-0479-493E-911F-BF7EB8729BE6}.Debug|x86.Build.0 = Debug|Win32
		{384540AF-0479-493E-911F-BF7EB8729BE6}.Release|x64.ActiveCfg = Release|x64
		{384540AF-0479-493E-911F-BF7EB8729BE6}.Release|x64.Build.0 = Release|x64
		{384540AF-0479-493E-911F-BF7EB8729BE6}.Release|x86.ActiveCfg = Release|Win32
		{384540AF-0479-493E-911F-BF7EB8729BE6}.Release|x86.Build.0 = Release|Win32
	EndGlobalSection
	GlobalSection(SolutionProperties) = preSolution
		HideSolutionNode = FALSE
	EndGlobalSection
	GlobalSection(ExtensibilityGlobals) = postSolution
		SolutionGuid = {DA7FD753-5284-4E91-A64A-AF5081ED690F}
	EndGlobalSection
EndGlobal
